
Microsoft Visual Studio Solution File, Format Version 12.00
# Visual Studio 15
Project("{FAE04EC0-301F-11D3-BF4B-00C04F79EFBC}") = "Counternance", "Counternance\Counternance.csproj", "{30CB7F6A-DBFD-4771-B029-A7DF90B0B1BF}"
EndProject
Global
	GlobalSection(SolutionConfigurationPlatforms) = preSolution
		Debug|Any CPU = Debug|Any CPU
		Release|Any CPU = Release|Any CPU
	EndGlobalSection
	GlobalSection(ProjectConfigurationPlatforms) = postSolution
		{30CB7F6A-DBFD-4771-B029-A7DF90B0B1BF}.Debug|Any CPU.ActiveCfg = Debug|Any CPU
		{30CB7F6A-DBFD-4771-B029-A7DF90B0B1BF}.Debug|Any CPU.Build.0 = Debug|Any CPU
		{30CB7F6A-DBFD-4771-B029-A7DF90B0B1BF}.Release|Any CPU.ActiveCfg = Release|Any CPU
		{30CB7F6A-DBFD-4771-B029-A7DF90B0B1BF}.Release|Any CPU.Build.0 = Release|Any CPU
	EndGlobalSection
EndGlobal
